
Microsoft Visual Studio Solution File, Format Version 12.00
# Visual Studio Version 16
VisualStudioVersion = 16.0.30523.141
MinimumVisualStudioVersion = 10.0.40219.1
Project("{FAE04EC0-301F-11D3-BF4B-00C04F79EFBC}") = "BlazorAppServer", "BlazorAppServer\BlazorAppServer.csproj", "{75CC27D8-015D-4B85-8789-2805221E142A}"
EndProject
Global
	GlobalSection(SolutionConfigurationPlatforms) = preSolution
		Debug|Any CPU = Debug|Any CPU
		Release|Any CPU = Release|Any CPU
	EndGlobalSection
	GlobalSection(ProjectConfigurationPlatforms) = postSolution
		{75CC27D8-015D-4B85-8789-2805221E142A}.Debug|Any CPU.ActiveCfg = Debug|Any CPU
		{75CC27D8-015D-4B85-8789-2805221E142A}.Debug|Any CPU.Build.0 = Debug|Any CPU
		{75CC27D8-015D-4B85-8789-2805221E142A}.Release|Any CPU.ActiveCfg = Release|Any CPU
		{75CC27D8-015D-4B85-8789-2805221E142A}.Release|Any CPU.Build.0 = Release|Any CPU
	EndGlobalSection
	GlobalSection(SolutionProperties) = preSolution
		HideSolutionNode = FALSE
	EndGlobalSection
	GlobalSection(ExtensibilityGlobals) = postSolution
		SolutionGuid = {F1F5A4CA-3286-43A6-9B84-FEE77A25C0AD}
	EndGlobalSection
EndGlobal
